
Microsoft Visual Studio Solution File, Format Version 12.00
Project("{FAE04EC0-301F-11D3-BF4B-00C04F79EFBC}") = "Announcarr", "Announcarr\Announcarr.csproj", "{26A42B64-63F0-4D2E-9B61-2B5B99DC47CD}"
EndProject
Project("{2150E333-8FDC-42A3-9474-1A3956D46DE8}") = "Solution Items", "Solution Items", "{EA86B117-C2D6-4496-9CEC-94D7D6A4EF81}"
	ProjectSection(SolutionItems) = preProject
		docker-compose.yml = docker-compose.yml
	EndProjectSection
EndProject
Project("{2150E333-8FDC-42A3-9474-1A3956D46DE8}") = "Integrations", "Integrations", "{CA0F8382-41A3-44F2-B338-9E588A869524}"
EndProject
Project("{2150E333-8FDC-42A3-9474-1A3956D46DE8}") = "Utils", "Utils", "{13E61683-AB13-434D-8C1E-F20F7E0F3CE9}"
EndProject
Project("{2150E333-8FDC-42A3-9474-1A3956D46DE8}") = "Extensions", "Extensions", "{EBB00BDD-74D0-4F42-81A2-5EBC86AC9409}"
EndProject
Project("{2150E333-8FDC-42A3-9474-1A3956D46DE8}") = "Sonarr", "Sonarr", "{00A64C3C-FF03-41EB-9E23-5BBE4937216C}"
EndProject
Project("{2150E333-8FDC-42A3-9474-1A3956D46DE8}") = "Abstractions", "Abstractions", "{8AF26862-3CB0-49D4-A52D-1487B9FC1D86}"
EndProject
Project("{2150E333-8FDC-42A3-9474-1A3956D46DE8}") = "Radarr", "Radarr", "{EB807E6E-A7CD-4B53-9664-813002B22B7D}"
EndProject
Project("{FAE04EC0-301F-11D3-BF4B-00C04F79EFBC}") = "Radarr.Integration", "Integrations\Radarr\Radarr.Integration\Radarr.Integration.csproj", "{C6FB15DA-D1F6-489D-A2BB-82D935C211D1}"
EndProject
Project("{FAE04EC0-301F-11D3-BF4B-00C04F79EFBC}") = "Radarr.Extensions", "Integrations\Radarr\Radarr.Extensions\Radarr.Extensions.csproj", "{40098268-5057-4C7F-8497-597F1552989B}"
EndProject
Project("{FAE04EC0-301F-11D3-BF4B-00C04F79EFBC}") = "Sonarr.Integration", "Integrations\Sonarr\Sonarr.Integration\Sonarr.Integration.csproj", "{0389F245-48F4-455E-9243-405EFD852E16}"
EndProject
Project("{FAE04EC0-301F-11D3-BF4B-00C04F79EFBC}") = "Sonarr.Extensions", "Integrations\Sonarr\Sonarr.Extensions\Sonarr.Extensions.csproj", "{384A898F-42B1-48CE-B502-1D3ED1B975AA}"
EndProject
Project("{2150E333-8FDC-42A3-9474-1A3956D46DE8}") = "Clients", "Clients", "{206D628C-C41A-461D-A0FB-954C888378B9}"
EndProject
Project("{FAE04EC0-301F-11D3-BF4B-00C04F79EFBC}") = "Abstractions.Exceptions", "Clients\Abstractions.Exceptions\Abstractions.Exceptions.csproj", "{1D29D3C3-2C79-419C-A842-F89475E234C9}"
EndProject
Project("{FAE04EC0-301F-11D3-BF4B-00C04F79EFBC}") = "Sonarr.Client", "Clients\Sonarr.Client\Sonarr.Client.csproj", "{39E65616-679F-4878-9C8F-8BD0FADC7E47}"
EndProject
Project("{FAE04EC0-301F-11D3-BF4B-00C04F79EFBC}") = "Radarr.Client", "Clients\Radarr.Client\Radarr.Client.csproj", "{79792A19-94BA-487D-B77B-B83B13BBA008}"
EndProject
Project("{FAE04EC0-301F-11D3-BF4B-00C04F79EFBC}") = "Abstractions.Integration", "Integrations\Abstractions\Abstractions.Integration\Abstractions.Integration.csproj", "{3FF28AD2-D45B-4063-815C-FA8BD106D91D}"
EndProject
Project("{FAE04EC0-301F-11D3-BF4B-00C04F79EFBC}") = "Abstractions.Extensions", "Integrations\Abstractions\Abstractions.Extensions\Abstractions.Extensions.csproj", "{C750269D-BDB9-4DDA-BAAF-BA52B2EABFCE}"
EndProject
Project("{FAE04EC0-301F-11D3-BF4B-00C04F79EFBC}") = "Dictionary", "Utils\Extensions\Dictionary\Dictionary.csproj", "{64D907AF-39DF-4A7C-BC28-3A73FFC9978A}"
EndProject
Project("{FAE04EC0-301F-11D3-BF4B-00C04F79EFBC}") = "Http", "Utils\Extensions\Http\Http.csproj", "{C1EFC56E-CD5C-4D44-B08C-28ED3035A307}"
EndProject
Project("{2150E333-8FDC-42A3-9474-1A3956D46DE8}") = "Exporters", "Exporters", "{7E447AE3-84A8-49EC-A054-6FEE4F37A880}"
EndProject
Project("{2150E333-8FDC-42A3-9474-1A3956D46DE8}") = "Abstractions", "Abstractions", "{2A849E6F-C98E-4E63-991C-998B080E9486}"
EndProject
Project("{FAE04EC0-301F-11D3-BF4B-00C04F79EFBC}") = "Abstractions.Exporter", "Exporters\Abstractions\Abstractions.Exporter\Abstractions.Exporter.csproj", "{32132011-28DE-4D55-BB26-6AD4A7CE9A64}"
EndProject
Project("{FAE04EC0-301F-11D3-BF4B-00C04F79EFBC}") = "Telegram", "Exporters\Telegram\Telegram.csproj", "{E8067C27-90DF-4185-BD03-005FC26E182A}"
EndProject
Project("{FAE04EC0-301F-11D3-BF4B-00C04F79EFBC}") = "Abstractions.Extensions", "Exporters\Abstractions\Abstractions.Extensions\Abstractions.Extensions.csproj", "{80D7C050-DC15-46E3-9950-27AD32CC82E9}"
EndProject
Global
	GlobalSection(SolutionConfigurationPlatforms) = preSolution
		Debug|Any CPU = Debug|Any CPU
		Release|Any CPU = Release|Any CPU
	EndGlobalSection
	GlobalSection(ProjectConfigurationPlatforms) = postSolution
		{26A42B64-63F0-4D2E-9B61-2B5B99DC47CD}.Debug|Any CPU.ActiveCfg = Debug|Any CPU
		{26A42B64-63F0-4D2E-9B61-2B5B99DC47CD}.Debug|Any CPU.Build.0 = Debug|Any CPU
		{26A42B64-63F0-4D2E-9B61-2B5B99DC47CD}.Release|Any CPU.ActiveCfg = Release|Any CPU
		{26A42B64-63F0-4D2E-9B61-2B5B99DC47CD}.Release|Any CPU.Build.0 = Release|Any CPU
		{C6FB15DA-D1F6-489D-A2BB-82D935C211D1}.Debug|Any CPU.ActiveCfg = Debug|Any CPU
		{C6FB15DA-D1F6-489D-A2BB-82D935C211D1}.Debug|Any CPU.Build.0 = Debug|Any CPU
		{C6FB15DA-D1F6-489D-A2BB-82D935C211D1}.Release|Any CPU.ActiveCfg = Release|Any CPU
		{C6FB15DA-D1F6-489D-A2BB-82D935C211D1}.Release|Any CPU.Build.0 = Release|Any CPU
		{40098268-5057-4C7F-8497-597F1552989B}.Debug|Any CPU.ActiveCfg = Debug|Any CPU
		{40098268-5057-4C7F-8497-597F1552989B}.Debug|Any CPU.Build.0 = Debug|Any CPU
		{40098268-5057-4C7F-8497-597F1552989B}.Release|Any CPU.ActiveCfg = Release|Any CPU
		{40098268-5057-4C7F-8497-597F1552989B}.Release|Any CPU.Build.0 = Release|Any CPU
		{0389F245-48F4-455E-9243-405EFD852E16}.Debug|Any CPU.ActiveCfg = Debug|Any CPU
		{0389F245-48F4-455E-9243-405EFD852E16}.Debug|Any CPU.Build.0 = Debug|Any CPU
		{0389F245-48F4-455E-9243-405EFD852E16}.Release|Any CPU.ActiveCfg = Release|Any CPU
		{0389F245-48F4-455E-9243-405EFD852E16}.Release|Any CPU.Build.0 = Release|Any CPU
		{384A898F-42B1-48CE-B502-1D3ED1B975AA}.Debug|Any CPU.ActiveCfg = Debug|Any CPU
		{384A898F-42B1-48CE-B502-1D3ED1B975AA}.Debug|Any CPU.Build.0 = Debug|Any CPU
		{384A898F-42B1-48CE-B502-1D3ED1B975AA}.Release|Any CPU.ActiveCfg = Release|Any CPU
		{384A898F-42B1-48CE-B502-1D3ED1B975AA}.Release|Any CPU.Build.0 = Release|Any CPU
		{1D29D3C3-2C79-419C-A842-F89475E234C9}.Debug|Any CPU.ActiveCfg = Debug|Any CPU
		{1D29D3C3-2C79-419C-A842-F89475E234C9}.Debug|Any CPU.Build.0 = Debug|Any CPU
		{1D29D3C3-2C79-419C-A842-F89475E234C9}.Release|Any CPU.ActiveCfg = Release|Any CPU
		{1D29D3C3-2C79-419C-A842-F89475E234C9}.Release|Any CPU.Build.0 = Release|Any CPU
		{39E65616-679F-4878-9C8F-8BD0FADC7E47}.Debug|Any CPU.ActiveCfg = Debug|Any CPU
		{39E65616-679F-4878-9C8F-8BD0FADC7E47}.Debug|Any CPU.Build.0 = Debug|Any CPU
		{39E65616-679F-4878-9C8F-8BD0FADC7E47}.Release|Any CPU.ActiveCfg = Release|Any CPU
		{39E65616-679F-4878-9C8F-8BD0FADC7E47}.Release|Any CPU.Build.0 = Release|Any CPU
		{79792A19-94BA-487D-B77B-B83B13BBA008}.Debug|Any CPU.ActiveCfg = Debug|Any CPU
		{79792A19-94BA-487D-B77B-B83B13BBA008}.Debug|Any CPU.Build.0 = Debug|Any CPU
		{79792A19-94BA-487D-B77B-B83B13BBA008}.Release|Any CPU.ActiveCfg = Release|Any CPU
		{79792A19-94BA-487D-B77B-B83B13BBA008}.Release|Any CPU.Build.0 = Release|Any CPU
		{3FF28AD2-D45B-4063-815C-FA8BD106D91D}.Debug|Any CPU.ActiveCfg = Debug|Any CPU
		{3FF28AD2-D45B-4063-815C-FA8BD106D91D}.Debug|Any CPU.Build.0 = Debug|Any CPU
		{3FF28AD2-D45B-4063-815C-FA8BD106D91D}.Release|Any CPU.ActiveCfg = Release|Any CPU
		{3FF28AD2-D45B-4063-815C-FA8BD106D91D}.Release|Any CPU.Build.0 = Release|Any CPU
		{C750269D-BDB9-4DDA-BAAF-BA52B2EABFCE}.Debug|Any CPU.ActiveCfg = Debug|Any CPU
		{C750269D-BDB9-4DDA-BAAF-BA52B2EABFCE}.Debug|Any CPU.Build.0 = Debug|Any CPU
		{C750269D-BDB9-4DDA-BAAF-BA52B2EABFCE}.Release|Any CPU.ActiveCfg = Release|Any CPU
		{C750269D-BDB9-4DDA-BAAF-BA52B2EABFCE}.Release|Any CPU.Build.0 = Release|Any CPU
		{64D907AF-39DF-4A7C-BC28-3A73FFC9978A}.Debug|Any CPU.ActiveCfg = Debug|Any CPU
		{64D907AF-39DF-4A7C-BC28-3A73FFC9978A}.Debug|Any CPU.Build.0 = Debug|Any CPU
		{64D907AF-39DF-4A7C-BC28-3A73FFC9978A}.Release|Any CPU.ActiveCfg = Release|Any CPU
		{64D907AF-39DF-4A7C-BC28-3A73FFC9978A}.Release|Any CPU.Build.0 = Release|Any CPU
		{C1EFC56E-CD5C-4D44-B08C-28ED3035A307}.Debug|Any CPU.ActiveCfg = Debug|Any CPU
		{C1EFC56E-CD5C-4D44-B08C-28ED3035A307}.Debug|Any CPU.Build.0 = Debug|Any CPU
		{C1EFC56E-CD5C-4D44-B08C-28ED3035A307}.Release|Any CPU.ActiveCfg = Release|Any CPU
		{C1EFC56E-CD5C-4D44-B08C-28ED3035A307}.Release|Any CPU.Build.0 = Release|Any CPU
		{32132011-28DE-4D55-BB26-6AD4A7CE9A64}.Debug|Any CPU.ActiveCfg = Debug|Any CPU
		{32132011-28DE-4D55-BB26-6AD4A7CE9A64}.Debug|Any CPU.Build.0 = Debug|Any CPU
		{32132011-28DE-4D55-BB26-6AD4A7CE9A64}.Release|Any CPU.ActiveCfg = Release|Any CPU
		{32132011-28DE-4D55-BB26-6AD4A7CE9A64}.Release|Any CPU.Build.0 = Release|Any CPU
		{E8067C27-90DF-4185-BD03-005FC26E182A}.Debug|Any CPU.ActiveCfg = Debug|Any CPU
		{E8067C27-90DF-4185-BD03-005FC26E182A}.Debug|Any CPU.Build.0 = Debug|Any CPU
		{E8067C27-90DF-4185-BD03-005FC26E182A}.Release|Any CPU.ActiveCfg = Release|Any CPU
		{E8067C27-90DF-4185-BD03-005FC26E182A}.Release|Any CPU.Build.0 = Release|Any CPU
		{80D7C050-DC15-46E3-9950-27AD32CC82E9}.Debug|Any CPU.ActiveCfg = Debug|Any CPU
		{80D7C050-DC15-46E3-9950-27AD32CC82E9}.Debug|Any CPU.Build.0 = Debug|Any CPU
		{80D7C050-DC15-46E3-9950-27AD32CC82E9}.Release|Any CPU.ActiveCfg = Release|Any CPU
		{80D7C050-DC15-46E3-9950-27AD32CC82E9}.Release|Any CPU.Build.0 = Release|Any CPU
	EndGlobalSection
	GlobalSection(NestedProjects) = preSolution
		{EBB00BDD-74D0-4F42-81A2-5EBC86AC9409} = {13E61683-AB13-434D-8C1E-F20F7E0F3CE9}
		{00A64C3C-FF03-41EB-9E23-5BBE4937216C} = {CA0F8382-41A3-44F2-B338-9E588A869524}
		{8AF26862-3CB0-49D4-A52D-1487B9FC1D86} = {CA0F8382-41A3-44F2-B338-9E588A869524}
		{EB807E6E-A7CD-4B53-9664-813002B22B7D} = {CA0F8382-41A3-44F2-B338-9E588A869524}
		{C6FB15DA-D1F6-489D-A2BB-82D935C211D1} = {EB807E6E-A7CD-4B53-9664-813002B22B7D}
		{40098268-5057-4C7F-8497-597F1552989B} = {EB807E6E-A7CD-4B53-9664-813002B22B7D}
		{0389F245-48F4-455E-9243-405EFD852E16} = {00A64C3C-FF03-41EB-9E23-5BBE4937216C}
		{384A898F-42B1-48CE-B502-1D3ED1B975AA} = {00A64C3C-FF03-41EB-9E23-5BBE4937216C}
		{1D29D3C3-2C79-419C-A842-F89475E234C9} = {206D628C-C41A-461D-A0FB-954C888378B9}
		{39E65616-679F-4878-9C8F-8BD0FADC7E47} = {206D628C-C41A-461D-A0FB-954C888378B9}
		{79792A19-94BA-487D-B77B-B83B13BBA008} = {206D628C-C41A-461D-A0FB-954C888378B9}
		{3FF28AD2-D45B-4063-815C-FA8BD106D91D} = {8AF26862-3CB0-49D4-A52D-1487B9FC1D86}
		{C750269D-BDB9-4DDA-BAAF-BA52B2EABFCE} = {8AF26862-3CB0-49D4-A52D-1487B9FC1D86}
		{64D907AF-39DF-4A7C-BC28-3A73FFC9978A} = {EBB00BDD-74D0-4F42-81A2-5EBC86AC9409}
		{C1EFC56E-CD5C-4D44-B08C-28ED3035A307} = {EBB00BDD-74D0-4F42-81A2-5EBC86AC9409}
		{2A849E6F-C98E-4E63-991C-998B080E9486} = {7E447AE3-84A8-49EC-A054-6FEE4F37A880}
		{32132011-28DE-4D55-BB26-6AD4A7CE9A64} = {2A849E6F-C98E-4E63-991C-998B080E9486}
		{E8067C27-90DF-4185-BD03-005FC26E182A} = {7E447AE3-84A8-49EC-A054-6FEE4F37A880}
		{80D7C050-DC15-46E3-9950-27AD32CC82E9} = {2A849E6F-C98E-4E63-991C-998B080E9486}
	EndGlobalSection
EndGlobal
